Microsoft Visual Studio Solution File, Format Version 12.00
# Visual Studio Version 16
VisualStudioVersion = 16.0.29709.97
MinimumVisualStudioVersion = 10.0.40219.1
Project("{8BC9CEB8-8B4A-11D0-8D11-00A0C91BC942}") = "Game", "Game.vcxproj", "{06EDC280-1187-4614-A248-E640C095FA6B}"
	ProjectSection(ProjectDependencies) = postProject
		{9E48DCB9-B936-4C81-BB4C-F3EAA794A8E8} = {9E48DCB9-B936-4C81-BB4C-F3EAA794A8E8}
	EndProjectSection
EndProject
Project("{8BC9CEB8-8B4A-11D0-8D11-00A0C91BC942}") = "tkEngine", "..\tkEngine\tkEngine.vcxproj", "{9E48DCB9-B936-4C81-BB4C-F3EAA794A8E8}"
	ProjectSection(ProjectDependencies) = postProject
		{3E0E8608-CD9B-4C76-AF33-29CA38F2C9F0} = {3E0E8608-CD9B-4C76-AF33-29CA38F2C9F0}
		{28EF574A-84DB-3CB0-9B45-DB3545B2D05C} = {28EF574A-84DB-3CB0-9B45-DB3545B2D05C}
		{4DCE52A5-106C-3D94-815D-C8EBC6133B5E} = {4DCE52A5-106C-3D94-815D-C8EBC6133B5E}
		{9BF1ADF3-EB57-35E8-B156-ADE8FFC7E2F0} = {9BF1ADF3-EB57-35E8-B156-ADE8FFC7E2F0}
	EndProjectSection
EndProject
Project("{2150E333-8FDC-42A3-9474-1A3956D46DE8}") = "exlib", "exlib", "{D716790C-2705-4A58-9730-194B07A08649}"
EndProject
Project("{8BC9CEB8-8B4A-11D0-8D11-00A0C91BC942}") = "BulletCollision", "..\tkEngine\bulletPhysics\src\BulletCollision\BulletCollision.vcxproj", "{28EF574A-84DB-3CB0-9B45-DB3545B2D05C}"
EndProject
Project("{8BC9CEB8-8B4A-11D0-8D11-00A0C91BC942}") = "BulletDynamics", "..\tkEngine\bulletPhysics\src\BulletDynamics\BulletDynamics.vcxproj", "{9BF1ADF3-EB57-35E8-B156-ADE8FFC7E2F0}"
EndProject
Project("{8BC9CEB8-8B4A-11D0-8D11-00A0C91BC942}") = "LinearMath", "..\tkEngine\bulletPhysics\src\LinearMath\LinearMath.vcxproj", "{4DCE52A5-106C-3D94-815D-C8EBC6133B5E}"
EndProject
Project("{8BC9CEB8-8B4A-11D0-8D11-00A0C91BC942}") = "DirectXTK12", "..\tkEngine\DirectXTK\DirectXTK_Desktop_2019_Win10.vcxproj", "{3E0E8608-CD9B-4C76-AF33-29CA38F2C9F0}"
EndProject
Global
	GlobalSection(SolutionConfigurationPlatforms) = preSolution
		Debug|ARM = Debug|ARM
		Debug|ARM64 = Debug|ARM64
		Debug|x64 = Debug|x64
		Debug|x86 = Debug|x86
		Preview|ARM = Preview|ARM
		Preview|ARM64 = Preview|ARM64
		Preview|x64 = Preview|x64
		Preview|x86 = Preview|x86
		Release|ARM = Release|ARM
		Release|ARM64 = Release|ARM64
		Release|x64 = Release|x64
		Release|x86 = Release|x86
	EndGlobalSection
	GlobalSection(ProjectConfigurationPlatforms) = postSolution
		{06EDC280-1187-4614-A248-E640C095FA6B}.Debug|ARM.ActiveCfg = Debug|Win32
		{06EDC280-1187-4614-A248-E640C095FA6B}.Debug|ARM64.ActiveCfg = Debug|Win32
		{06EDC280-1187-4614-A248-E640C095FA6B}.Debug|x64.ActiveCfg = Debug|x64
		{06EDC280-1187-4614-A248-E640C095FA6B}.Debug|x64.Build.0 = Debug|x64
		{06EDC280-1187-4614-A248-E640C095FA6B}.Debug|x86.ActiveCfg = Debug|Win32
		{06EDC280-1187-4614-A248-E640C095FA6B}.Debug|x86.Build.0 = Debug|Win32
		{06EDC280-1187-4614-A248-E640C095FA6B}.Preview|ARM.ActiveCfg = Preview|Win32
		{06EDC280-1187-4614-A248-E640C095FA6B}.Preview|ARM64.ActiveCfg = Preview|Win32
		{06EDC280-1187-4614-A248-E640C095FA6B}.Preview|x64.ActiveCfg = Preview|x64
		{06EDC280-1187-4614-A248-E640C095FA6B}.Preview|x64.Build.0 = Preview|x64
		{06EDC280-1187-4614-A248-E640C095FA6B}.Preview|x86.ActiveCfg = Preview|Win32
		{06EDC280-1187-4614-A248-E640C095FA6B}.Preview|x86.Build.0 = Preview|Win32
		{06EDC280-1187-4614-A248-E640C095FA6B}.Release|ARM.ActiveCfg = Release|Win32
		{06EDC280-1187-4614-A248-E640C095FA6B}.Release|ARM64.ActiveCfg = Release|Win32
		{06EDC280-1187-4614-A248-E640C095FA6B}.Release|x64.ActiveCfg = Release|x64
		{06EDC280-1187-4614-A248-E640C095FA6B}.Release|x64.Build.0 = Release|x64
		{06EDC280-1187-4614-A248-E640C095FA6B}.Release|x86.ActiveCfg = Release|Win32
		{06EDC280-1187-4614-A248-E640C095FA6B}.Release|x86.Build.0 = Release|Win32
		{9E48DCB9-B936-4C81-BB4C-F3EAA794A8E8}.Debug|ARM.ActiveCfg = Debug|Win32
		{9E48DCB9-B936-4C81-BB4C-F3EAA794A8E8}.Debug|ARM64.ActiveCfg = Debug|Win32
		{9E48DCB9-B936-4C81-BB4C-F3EAA794A8E8}.Debug|x64.ActiveCfg = Debug|x64
		{9E48DCB9-B936-4C81-BB4C-F3EAA794A8E8}.Debug|x64.Build.0 = Debug|x64
		{9E48DCB9-B936-4C81-BB4C-F3EAA794A8E8}.Debug|x86.ActiveCfg = Debug|Win32
		{9E48DCB9-B936-4C81-BB4C-F3EAA794A8E8}.Debug|x86.Build.0 = Debug|Win32
		{9E48DCB9-B936-4C81-BB4C-F3EAA794A8E8}.Preview|ARM.ActiveCfg = Preview|Win32
		{9E48DCB9-B936-4C81-BB4C-F3EAA794A8E8}.Preview|ARM64.ActiveCfg = Preview|Win32
		{9E48DCB9-B936-4C81-BB4C-F3EAA794A8E8}.Preview|x64.ActiveCfg = Preview|x64
		{9E48DCB9-B936-4C81-BB4C-F3EAA794A8E8}.Preview|x64.Build.0 = Preview|x64
		{9E48DCB9-B936-4C81-BB4C-F3EAA794A8E8}.Preview|x86.ActiveCfg = Preview|Win32
		{9E48DCB9-B936-4C81-BB4C-F3EAA794A8E8}.Preview|x86.Build.0 = Preview|Win32
		{9E48DCB9-B936-4C81-BB4C-F3EAA794A8E8}.Release|ARM.ActiveCfg = Release|Win32
		{9E48DCB9-B936-4C81-BB4C-F3EAA794A8E8}.Release|ARM64.ActiveCfg = Release|Win32
		{9E48DCB9-B936-4C81-BB4C-F3EAA794A8E8}.Release|x64.ActiveCfg = Release|x64
		{9E48DCB9-B936-4C81-BB4C-F3EAA794A8E8}.Release|x64.Build.0 = Release|x64
		{9E48DCB9-B936-4C81-BB4C-F3EAA794A8E8}.Release|x86.ActiveCfg = Release|Win32
		{9E48DCB9-B936-4C81-BB4C-F3EAA794A8E8}.Release|x86.Build.0 = Release|Win32
		{28EF574A-84DB-3CB0-9B45-DB3545B2D05C}.Debug|ARM.ActiveCfg = Debug|Win32
		{28EF574A-84DB-3CB0-9B45-DB3545B2D05C}.Debug|ARM64.ActiveCfg = Debug|Win32
		{28EF574A-84DB-3CB0-9B45-DB3545B2D05C}.Debug|x64.ActiveCfg = Debug|x64
		{28EF574A-84DB-3CB0-9B45-DB3545B2D05C}.Debug|x64.Build.0 = Debug|x64
		{28EF574A-84DB-3CB0-9B45-DB3545B2D05C}.Debug|x86.ActiveCfg = Debug|Win32
		{28EF574A-84DB-3CB0-9B45-DB3545B2D05C}.Debug|x86.Build.0 = Debug|Win32
		{28EF574A-84DB-3CB0-9B45-DB3545B2D05C}.Preview|ARM.ActiveCfg = Preview|Win32
		{28EF574A-84DB-3CB0-9B45-DB3545B2D05C}.Preview|ARM64.ActiveCfg = Preview|Win32
		{28EF574A-84DB-3CB0-9B45-DB3545B2D05C}.Preview|x64.ActiveCfg = Release|x64
		{28EF574A-84DB-3CB0-9B45-DB3545B2D05C}.Preview|x64.Build.0 = Release|x64
		{28EF574A-84DB-3CB0-9B45-DB3545B2D05C}.Preview|x86.ActiveCfg = Preview|Win32
		{28EF574A-84DB-3CB0-9B45-DB3545B2D05C}.Preview|x86.Build.0 = Preview|Win32
		{28EF574A-84DB-3CB0-9B45-DB3545B2D05C}.Release|ARM.ActiveCfg = Release|Win32
		{28EF574A-84DB-3CB0-9B45-DB3545B2D05C}.Release|ARM64.ActiveCfg = Release|Win32
		{28EF574A-84DB-3CB0-9B45-DB3545B2D05C}.Release|x64.ActiveCfg = Release|x64
		{28EF574A-84DB-3CB0-9B45-DB3545B2D05C}.Release|x64.Build.0 = Release|x64
		{28EF574A-84DB-3CB0-9B45-DB3545B2D05C}.Release|x86.ActiveCfg = Release|Win32
		{28EF574A-84DB-3CB0-9B45-DB3545B2D05C}.Release|x86.Build.0 = Release|Win32
		{9BF1ADF3-EB57-35E8-B156-ADE8FFC7E2F0}.Debug|ARM.ActiveCfg = Debug|Win32
		{9BF1ADF3-EB57-35E8-B156-ADE8FFC7E2F0}.Debug|ARM64.ActiveCfg = Debug|Win32
		{9BF1ADF3-EB57-35E8-B156-ADE8FFC7E2F0}.Debug|x64.ActiveCfg = Debug|x64
		{9BF1ADF3-EB57-35E8-B156-ADE8FFC7E2F0}.Debug|x64.Build.0 = Debug|x64
		{9BF1ADF3-EB57-35E8-B156-ADE8FFC7E2F0}.Debug|x86.ActiveCfg = Debug|Win32
		{9BF1ADF3-EB57-35E8-B156-ADE8FFC7E2F0}.Debug|x86.Build.0 = Debug|Win32
		{9BF1ADF3-EB57-35E8-B156-ADE8FFC7E2F0}.Preview|ARM.ActiveCfg = Preview|Win32
		{9BF1ADF3-EB57-35E8-B156-ADE8FFC7E2F0}.Preview|ARM64.ActiveCfg = Preview|Win32
		{9BF1ADF3-EB57-35E8-B156-ADE8FFC7E2F0}.Preview|x64.ActiveCfg = Release|x64
		{9BF1ADF3-EB57-35E8-B156-ADE8FFC7E2F0}.Preview|x64.Build.0 = Release|x64
		{9BF1ADF3-EB57-35E8-B156-ADE8FFC7E2F0}.Preview|x86.ActiveCfg = Preview|Win32
		{9BF1ADF3-EB57-35E8-B156-ADE8FFC7E2F0}.Preview|x86.Build.0 = Preview|Win32
		{9BF1ADF3-EB57-35E8-B156-ADE8FFC7E2F0}.Release|ARM.ActiveCfg = Release|Win32
		{9BF1ADF3-EB57-35E8-B156-ADE8FFC7E2F0}.Release|ARM64.ActiveCfg = Release|Win32
		{9BF1ADF3-EB57-35E8-B156-ADE8FFC7E2F0}.Release|x64.ActiveCfg = Release|x64
		{9BF1ADF3-EB57-35E8-B156-ADE8FFC7E2F0}.Release|x64.Build.0 = Release|x64
		{9BF1ADF3-EB57-35E8-B156-ADE8FFC7E2F0}.Release|x86.ActiveCfg = Release|Win32
		{9BF1ADF3-EB57-35E8-B156-ADE8FFC7E2F0}.Release|x86.Build.0 = Release|Win32
		{4DCE52A5-106C-3D94-815D-C8EBC6133B5E}.Debug|ARM.ActiveCfg = Debug|Win32
		{4DCE52A5-106C-3D94-815D-C8EBC6133B5E}.Debug|ARM64.ActiveCfg = Debug|Win32
		{4DCE52A5-106C-3D94-815D-C8EBC6133B5E}.Debug|x64.ActiveCfg = Debug|x64
		{4DCE52A5-106C-3D94-815D-C8EBC6133B5E}.Debug|x64.Build.0 = Debug|x64
		{4DCE52A5-106C-3D94-815D-C8EBC6133B5E}.Debug|x86.ActiveCfg = Debug|Win32
		{4DCE52A5-106C-3D94-815D-C8EBC6133B5E}.Debug|x86.Build.0 = Debug|Win32
		{4DCE52A5-106C-3D94-815D-C8EBC6133B5E}.Preview|ARM.ActiveCfg = Preview|Win32
		{4DCE52A5-106C-3D94-815D-C8EBC6133B5E}.Preview|ARM64.ActiveCfg = Preview|Win32
		{4DCE52A5-106C-3D94-815D-C8EBC6133B5E}.Preview|x64.ActiveCfg = Release|x64
		{4DCE52A5-106C-3D94-815D-C8EBC6133B5E}.Preview|x64.Build.0 = Release|x64
		{4DCE52A5-106C-3D94-815D-C8EBC6133B5E}.Preview|x86.ActiveCfg = Preview|Win32
		{4DCE52A5-106C-3D94-815D-C8EBC6133B5E}.Preview|x86.Build.0 = Preview|Win32
		{4DCE52A5-106C-3D94-815D-C8EBC6133B5E}.Release|ARM.ActiveCfg = Release|Win32
		{4DCE52A5-106C-3D94-815D-C8EBC6133B5E}.Release|ARM64.ActiveCfg = Release|Win32
		{4DCE52A5-106C-3D94-815D-C8EBC6133B5E}.Release|x64.ActiveCfg = Release|x64
		{4DCE52A5-106C-3D94-815D-C8EBC6133B5E}.Release|x64.Build.0 = Release|x64
		{4DCE52A5-106C-3D94-815D-C8EBC6133B5E}.Release|x86.ActiveCfg = Release|Win32
		{4DCE52A5-106C-3D94-815D-C8EBC6133B5E}.Release|x86.Build.0 = Release|Win32
		{3E0E8608-CD9B-4C76-AF33-29CA38F2C9F0}.Debug|ARM.ActiveCfg = Debug|Win32
		{3E0E8608-CD9B-4C76-AF33-29CA38F2C9F0}.Debug|ARM64.ActiveCfg = Debug|Win32
		{3E0E8608-CD9B-4C76-AF33-29CA38F2C9F0}.Debug|x64.ActiveCfg = Debug|x64
		{3E0E8608-CD9B-4C76-AF33-29CA38F2C9F0}.Debug|x64.Build.0 = Debug|x64
		{3E0E8608-CD9B-4C76-AF33-29CA38F2C9F0}.Debug|x86.ActiveCfg = Debug|Win32
		{3E0E8608-CD9B-4C76-AF33-29CA38F2C9F0}.Debug|x86.Build.0 = Debug|Win32
		{3E0E8608-CD9B-4C76-AF33-29CA38F2C9F0}.Preview|ARM.ActiveCfg = Release|x64
		{3E0E8608-CD9B-4C76-AF33-29CA38F2C9F0}.Preview|ARM.Build.0 = Release|x64
		{3E0E8608-CD9B-4C76-AF33-29CA38F2C9F0}.Preview|ARM64.ActiveCfg = Release|x64
		{3E0E8608-CD9B-4C76-AF33-29CA38F2C9F0}.Preview|ARM64.Build.0 = Release|x64
		{3E0E8608-CD9B-4C76-AF33-29CA38F2C9F0}.Preview|x64.ActiveCfg = Release|x64
		{3E0E8608-CD9B-4C76-AF33-29CA38F2C9F0}.Preview|x64.Build.0 = Release|x64
		{3E0E8608-CD9B-4C76-AF33-29CA38F2C9F0}.Preview|x86.ActiveCfg = Release|Win32
		{3E0E8608-CD9B-4C76-AF33-29CA38F2C9F0}.Preview|x86.Build.0 = Release|Win32
		{3E0E8608-CD9B-4C76-AF33-29CA38F2C9F0}.Release|ARM.ActiveCfg = Release|Win32
		{3E0E8608-CD9B-4C76-AF33-29CA38F2C9F0}.Release|ARM64.ActiveCfg = Release|Win32
		{3E0E8608-CD9B-4C76-AF33-29CA38F2C9F0}.Release|x64.ActiveCfg = Release|x64
		{3E0E8608-CD9B-4C76-AF33-29CA38F2C9F0}.Release|x64.Build.0 = Release|x64
		{3E0E8608-CD9B-4C76-AF33-29CA38F2C9F0}.Release|x86.ActiveCfg = Release|Win32
		{3E0E8608-CD9B-4C76-AF33-29CA38F2C9F0}.Release|x86.Build.0 = Release|Win32
	EndGlobalSection
	GlobalSection(SolutionProperties) = preSolution
		HideSolutionNode = FALSE
	EndGlobalSection
	GlobalSection(NestedProjects) = preSolution
		{28EF574A-84DB-3CB0-9B45-DB3545B2D05C} = {D716790C-2705-4A58-9730-194B07A08649}
		{9BF1ADF3-EB57-35E8-B156-ADE8FFC7E2F0} = {D716790C-2705-4A58-9730-194B07A08649}
		{4DCE52A5-106C-3D94-815D-C8EBC6133B5E} = {D716790C-2705-4A58-9730-194B07A08649}
		{3E0E8608-CD9B-4C76-AF33-29CA38F2C9F0} = {D716790C-2705-4A58-9730-194B07A08649}
	EndGlobalSection
	GlobalSection(ExtensibilityGlobals) = postSolution
		SolutionGuid = {09844AF9-EE2D-4562-B863-045A6E0F3E41}
	EndGlobalSection
EndGlobal
