<?xml version="1.0" encoding="utf-8"?>
<Project ToolsVersion="4.0" xmlns="http://schemas.microsoft.com/developer/msbuild/2003">
  <ItemGroup>
    <Filter Include="Source Files">
      <UniqueIdentifier>{4FC737F1-C7A5-4376-A066-2A32D752A2FF}</UniqueIdentifier>
      <Extensions>cpp;c;cc;cxx;def;odl;idl;hpj;bat;asm;asmx</Extensions>
    </Filter>
    <Filter Include="Resource Files">
      <UniqueIdentifier>{67DA6AB6-F800-4c08-8B7A-83BB121AAD01}</UniqueIdentifier>
      <Extensions>rc;ico;cur;bmp;dlg;rc2;rct;bin;rgs;gif;jpg;jpeg;jpe;resx;tiff;tif;png;wav;mfcribbon-ms</Extensions>
    </Filter>
    <Filter Include="Source Files\gameObject">
      <UniqueIdentifier>{c54e8c6f-ea7a-442b-86eb-f64301ae8823}</UniqueIdentifier>
    </Filter>
    <Filter Include="Source Files\debug">
      <UniqueIdentifier>{7b55621c-b4f1-4692-8113-c24f50987cc5}</UniqueIdentifier>
    </Filter>
    <Filter Include="Source Files\Input">
      <UniqueIdentifier>{544553ca-2056-499c-ab93-0d198bc933cb}</UniqueIdentifier>
    </Filter>
    <Filter Include="Source Files\math">
      <UniqueIdentifier>{a6a630a0-afe0-4410-8511-f333c7327ef2}</UniqueIdentifier>
    </Filter>
    <Filter Include="Source Files\policy">
      <UniqueIdentifier>{2516c515-2e1c-4a2b-8844-4d61bf64639d}</UniqueIdentifier>
    </Filter>
    <Filter Include="Source Files\sound">
      <UniqueIdentifier>{d9e33434-1e20-4051-b5de-dfcf9bc20883}</UniqueIdentifier>
    </Filter>
    <Filter Include="Source Files\thread">
      <UniqueIdentifier>{3afe8e38-fa0c-4799-9ecd-210daabd4f51}</UniqueIdentifier>
    </Filter>
    <Filter Include="Source Files\timer">
      <UniqueIdentifier>{0d2904e7-ab42-4d63-94c9-643069947be8}</UniqueIdentifier>
    </Filter>
    <Filter Include="Source Files\util">
      <UniqueIdentifier>{8049c32f-7105-4bbd-bf48-5ac66164be83}</UniqueIdentifier>
    </Filter>
    <Filter Include="Source Files\random">
      <UniqueIdentifier>{d8a78ab4-52cd-40ff-ac95-f7b0cee31efa}</UniqueIdentifier>
    </Filter>
    <Filter Include="Source Files\online">
      <UniqueIdentifier>{e22b0886-6e5a-474a-aa46-cbef8076bf69}</UniqueIdentifier>
    </Filter>
    <Filter Include="Source Files\graphics">
      <UniqueIdentifier>{5a0d3e54-4e7b-4bcc-97db-a7a9f8eb8c14}</UniqueIdentifier>
    </Filter>
    <Filter Include="Source Files\graphics\Dx12">
      <UniqueIdentifier>{940efd52-d60f-4417-b276-d9b9193965ca}</UniqueIdentifier>
    </Filter>
    <Filter Include="Source Files\graphics\Dx11">
      <UniqueIdentifier>{45f60477-889f-4d5b-8a5e-e1c357e3399d}</UniqueIdentifier>
    </Filter>
    <Filter Include="Source Files\graphics\OpenGL">
      <UniqueIdentifier>{d51b64dd-f270-49c5-9097-603f01ea5cd9}</UniqueIdentifier>
    </Filter>
    <Filter Include="Source Files\prefab">
      <UniqueIdentifier>{34d9b471-816b-4ae6-a4c0-e334308fee06}</UniqueIdentifier>
    </Filter>
    <Filter Include="Source Files\resource">
      <UniqueIdentifier>{dd3077d4-108d-483f-97b4-40d44f474e19}</UniqueIdentifier>
    </Filter>
    <Filter Include="Source Files\prefab\light">
      <UniqueIdentifier>{12258cd6-fe6d-422d-9bde-b8b4c27cfc7f}</UniqueIdentifier>
    </Filter>
    <Filter Include="Source Files\graphics\Dx12\postEffect">
      <UniqueIdentifier>{d7651ae8-bbe5-4898-aa3a-520e22752a83}</UniqueIdentifier>
    </Filter>
    <Filter Include="Source Files\level">
      <UniqueIdentifier>{ecb36131-7cc1-472b-bb0b-f6547a7a213c}</UniqueIdentifier>
    </Filter>
  </ItemGroup>
  <ItemGroup>
    <ClInclude Include="gameObject\tkGameObjectManager.h">
      <Filter>Source Files\gameObject</Filter>
    </ClInclude>
    <ClInclude Include="gameObject\tkTransform.h">
      <Filter>Source Files\gameObject</Filter>
    </ClInclude>
    <ClInclude Include="gameObject\tkgameobject.h">
      <Filter>Source Files\gameObject</Filter>
    </ClInclude>
    <ClInclude Include="debug\tkLog.h">
      <Filter>Source Files\debug</Filter>
    </ClInclude>
    <ClInclude Include="debug\tkAssert.h">
      <Filter>Source Files\debug</Filter>
    </ClInclude>
    <ClInclude Include="graphics\tkCamera.h">
      <Filter>Source Files\graphics</Filter>
    </ClInclude>
    <ClInclude Include="Input\tkPad.h">
      <Filter>Source Files\Input</Filter>
    </ClInclude>
    <ClInclude Include="math\tkMath.h">
      <Filter>Source Files\math</Filter>
    </ClInclude>
    <ClInclude Include="math\tkMatrix.h">
      <Filter>Source Files\math</Filter>
    </ClInclude>
    <ClInclude Include="math\tkAabb.h">
      <Filter>Source Files\math</Filter>
    </ClInclude>
    <ClInclude Include="policy\tkScopedResource.h">
      <Filter>Source Files\policy</Filter>
    </ClInclude>
    <ClInclude Include="policy\tkNoncopyable.h">
      <Filter>Source Files\policy</Filter>
    </ClInclude>
    <ClInclude Include="Sound\tkSoundSource.h">
      <Filter>Source Files\sound</Filter>
    </ClInclude>
    <ClInclude Include="Sound\tkWaveFile.h">
      <Filter>Source Files\sound</Filter>
    </ClInclude>
    <ClInclude Include="Sound\tkWaveFileBank.h">
      <Filter>Source Files\sound</Filter>
    </ClInclude>
    <ClInclude Include="Sound\tkSoundEngine.h">
      <Filter>Source Files\sound</Filter>
    </ClInclude>
    <ClInclude Include="thread\tkCriticalSection.h">
      <Filter>Source Files\thread</Filter>
    </ClInclude>
    <ClInclude Include="timer\tkStopwatch.h">
      <Filter>Source Files\timer</Filter>
    </ClInclude>
    <ClInclude Include="timer\tkGameTime.h">
      <Filter>Source Files\timer</Filter>
    </ClInclude>
    <ClInclude Include="util\tkNameKey.h">
      <Filter>Source Files\util</Filter>
    </ClInclude>
    <ClInclude Include="util\tkUtil.h">
      <Filter>Source Files\util</Filter>
    </ClInclude>
    <ClInclude Include="tkEngine.h">
      <Filter>Source Files</Filter>
    </ClInclude>
    <ClInclude Include="tkEnginePreCompile.h">
      <Filter>Source Files</Filter>
    </ClInclude>
    <ClInclude Include="tkEngineConst.h">
      <Filter>Source Files</Filter>
    </ClInclude>
    <ClInclude Include="tkEngineStruct.h">
      <Filter>Source Files</Filter>
    </ClInclude>
    <ClInclude Include="random\tkRandom.h">
      <Filter>Source Files\random</Filter>
    </ClInclude>
    <ClInclude Include="math\tkBox.h">
      <Filter>Source Files\math</Filter>
    </ClInclude>
    <ClInclude Include="math\tkvector.h">
      <Filter>Source Files\math</Filter>
    </ClInclude>
    <ClInclude Include="graphics\Dx12\tkGraphicsEngineDx12.h">
      <Filter>Source Files\graphics\Dx12</Filter>
    </ClInclude>
    <ClInclude Include="graphics\tkIModelImp.h">
      <Filter>Source Files\graphics</Filter>
    </ClInclude>
    <ClInclude Include="graphics\tkModel.h">
      <Filter>Source Files\graphics</Filter>
    </ClInclude>
    <ClInclude Include="graphics\tkIndexBuffer.h">
      <Filter>Source Files\graphics</Filter>
    </ClInclude>
    <ClInclude Include="graphics\tkVertexBuffer.h">
      <Filter>Source Files\graphics</Filter>
    </ClInclude>
    <ClInclude Include="graphics\Dx12\tkIndexBufferDx12.h">
      <Filter>Source Files\graphics\Dx12</Filter>
    </ClInclude>
    <ClInclude Include="graphics\Dx12\tkVertexBufferDx12.h">
      <Filter>Source Files\graphics\Dx12</Filter>
    </ClInclude>
    <ClInclude Include="graphics\tkRenderContext.h">
      <Filter>Source Files\graphics</Filter>
    </ClInclude>
    <ClInclude Include="graphics\tkGraphics.h">
      <Filter>Source Files\graphics</Filter>
    </ClInclude>
    <ClInclude Include="graphics\Dx12\tkRenderContextDx12.h">
      <Filter>Source Files\graphics\Dx12</Filter>
    </ClInclude>
    <ClInclude Include="policy\tkAsable.h">
      <Filter>Source Files\policy</Filter>
    </ClInclude>
    <ClInclude Include="graphics\Dx12\tkTriangleShapeDx12.h">
      <Filter>Source Files\graphics\Dx12</Filter>
    </ClInclude>
    <ClInclude Include="graphics\Dx12\tkShaderDx12.h">
      <Filter>Source Files\graphics\Dx12</Filter>
    </ClInclude>
    <ClInclude Include="graphics\tkPrimitive.h">
      <Filter>Source Files\graphics</Filter>
    </ClInclude>
    <ClInclude Include="graphics\tkGraphicsEngine.h">
      <Filter>Source Files\graphics</Filter>
    </ClInclude>
    <ClInclude Include="graphics\tkGraphicsInstanceFactory.h">
      <Filter>Source Files\graphics</Filter>
    </ClInclude>
    <ClInclude Include="graphics\Dx12\tkGraphicsInstanceFactoryDx12.h">
      <Filter>Source Files\graphics\Dx12</Filter>
    </ClInclude>
    <ClInclude Include="graphics\Dx12\dx12Common.h">
      <Filter>Source Files\graphics\Dx12</Filter>
    </ClInclude>
    <ClInclude Include="graphics\tkShape.h">
      <Filter>Source Files\graphics</Filter>
    </ClInclude>
    <ClInclude Include="graphics\Dx12\tkConstantBufferDx12.h">
      <Filter>Source Files\graphics\Dx12</Filter>
    </ClInclude>
    <ClInclude Include="graphics\Dx12\tkRootSignatureDx12.h">
      <Filter>Source Files\graphics\Dx12</Filter>
    </ClInclude>
    <ClInclude Include="graphics\Dx12\tkTextureDx12.h">
      <Filter>Source Files\graphics\Dx12</Filter>
    </ClInclude>
    <ClInclude Include="graphics\tkTexture.h">
      <Filter>Source Files\graphics</Filter>
    </ClInclude>
    <ClInclude Include="graphics\tkTkmFile.h">
      <Filter>Source Files\graphics</Filter>
    </ClInclude>
    <ClInclude Include="graphics\tkMeshParts.h">
      <Filter>Source Files\graphics</Filter>
    </ClInclude>
    <ClInclude Include="graphics\Dx12\tkMeshPartsDx12.h">
      <Filter>Source Files\graphics\Dx12</Filter>
    </ClInclude>
    <ClInclude Include="graphics\Dx12\tkMaterialDx12.h">
      <Filter>Source Files\graphics\Dx12</Filter>
    </ClInclude>
    <ClInclude Include="graphics\Dx12\tkRenderContextDx12_inline.h">
      <Filter>Source Files\graphics\Dx12</Filter>
    </ClInclude>
    <ClInclude Include="graphics\tkSkeleton.h">
      <Filter>Source Files\graphics</Filter>
    </ClInclude>
    <ClInclude Include="prefab\tkModelRender.h">
      <Filter>Source Files\prefab</Filter>
    </ClInclude>
    <ClInclude Include="graphics\tkTksFile.h">
      <Filter>Source Files\graphics</Filter>
    </ClInclude>
    <ClInclude Include="resource\tkIResource.h">
      <Filter>Source Files\resource</Filter>
    </ClInclude>
    <ClInclude Include="graphics\tkAnimationClip.h">
      <Filter>Source Files\graphics</Filter>
    </ClInclude>
    <ClInclude Include="graphics\tkTkaFile.h">
      <Filter>Source Files\graphics</Filter>
    </ClInclude>
    <ClInclude Include="graphics\tkAnimation.h">
      <Filter>Source Files\graphics</Filter>
    </ClInclude>
    <ClInclude Include="graphics\tkAnimationPlayController.h">
      <Filter>Source Files\graphics</Filter>
    </ClInclude>
    <ClInclude Include="graphics\Dx12\tkShaderResourceDx12.h">
      <Filter>Source Files\graphics\Dx12</Filter>
    </ClInclude>
    <ClInclude Include="graphics\Dx12\tkStructuredBufferDx12.h">
      <Filter>Source Files\graphics\Dx12</Filter>
    </ClInclude>
    <ClInclude Include="prefab\light\tkPointLight.h">
      <Filter>Source Files\prefab\light</Filter>
    </ClInclude>
    <ClInclude Include="prefab\light\tkSpotLight.h">
      <Filter>Source Files\prefab\light</Filter>
    </ClInclude>
    <ClInclude Include="prefab\light\tkDirectionLight.h">
      <Filter>Source Files\prefab\light</Filter>
    </ClInclude>
    <ClInclude Include="prefab\light\tkLightBase.h">
      <Filter>Source Files\prefab\light</Filter>
    </ClInclude>
    <ClInclude Include="graphics\tkLight.h">
      <Filter>Source Files\graphics</Filter>
    </ClInclude>
    <ClInclude Include="graphics\tkLightManager.h">
      <Filter>Source Files\graphics</Filter>
    </ClInclude>
    <ClInclude Include="graphics\Dx12\tkLightManagerDx12.h">
      <Filter>Source Files\graphics\Dx12</Filter>
    </ClInclude>
    <ClInclude Include="graphics\Dx12\tkRenderTargetDx12.h">
      <Filter>Source Files\graphics\Dx12</Filter>
    </ClInclude>
    <ClInclude Include="graphics\Dx12\tkSpriteDx12.h">
      <Filter>Source Files\graphics\Dx12</Filter>
    </ClInclude>
    <ClInclude Include="graphics\tkSprite.h">
      <Filter>Source Files\graphics</Filter>
    </ClInclude>
    <ClInclude Include="graphics\Dx12\tkPipelineStatesDx12.h">
      <Filter>Source Files\graphics\Dx12</Filter>
    </ClInclude>
    <ClInclude Include="graphics\Dx12\postEffect\tkBloomDx12.h">
      <Filter>Source Files\graphics\Dx12\postEffect</Filter>
    </ClInclude>
    <ClInclude Include="graphics\Dx12\tkDescriptorHeapDx12.h">
      <Filter>Source Files\graphics\Dx12</Filter>
    </ClInclude>
    <ClInclude Include="graphics\Dx12\tkDescriptorHeapPoolDx12.h">
      <Filter>Source Files\graphics\Dx12</Filter>
    </ClInclude>
    <ClInclude Include="graphics\Dx12\postEffect\tkPostEffectDx12.h">
      <Filter>Source Files\graphics\Dx12\postEffect</Filter>
    </ClInclude>
    <ClInclude Include="graphics\Dx12\postEffect\tkTonemapDx12.h">
      <Filter>Source Files\graphics\Dx12\postEffect</Filter>
    </ClInclude>
    <ClInclude Include="graphics\Dx12\tkPipelineStateDx12.h">
      <Filter>Source Files\graphics\Dx12</Filter>
    </ClInclude>
    <ClInclude Include="graphics\tkDirectionalShadowMap.h">
      <Filter>Source Files\graphics</Filter>
    </ClInclude>
    <ClInclude Include="level\tkMapChip.h">
      <Filter>Source Files\level</Filter>
    </ClInclude>
    <ClInclude Include="level\tkMapChipRender.h">
      <Filter>Source Files\level</Filter>
    </ClInclude>
    <ClInclude Include="level\tkLevel.h">
      <Filter>Source Files\level</Filter>
    </ClInclude>
  </ItemGroup>
  <ItemGroup>
    <ClCompile Include="gameObject\tkTransform.cpp">
      <Filter>Source Files\gameObject</Filter>
    </ClCompile>
    <ClCompile Include="gameObject\tkGameObject.cpp">
      <Filter>Source Files\gameObject</Filter>
    </ClCompile>
    <ClCompile Include="gameObject\tkgameobjectmanager.cpp">
      <Filter>Source Files\gameObject</Filter>
    </ClCompile>
    <ClCompile Include="graphics\tkCamera.cpp">
      <Filter>Source Files\graphics</Filter>
    </ClCompile>
    <ClCompile Include="Input\tkPad.cpp">
      <Filter>Source Files\Input</Filter>
    </ClCompile>
    <ClCompile Include="math\tkMatrix.cpp">
      <Filter>Source Files\math</Filter>
    </ClCompile>
    <ClCompile Include="math\tkAabb.cpp">
      <Filter>Source Files\math</Filter>
    </ClCompile>
    <ClCompile Include="math\tkMath.cpp">
      <Filter>Source Files\math</Filter>
    </ClCompile>
    <ClCompile Include="Sound\tkSoundSource.cpp">
      <Filter>Source Files\sound</Filter>
    </ClCompile>
    <ClCompile Include="Sound\tkWaveFile.cpp">
      <Filter>Source Files\sound</Filter>
    </ClCompile>
    <ClCompile Include="Sound\tkWaveFileBank.cpp">
      <Filter>Source Files\sound</Filter>
    </ClCompile>
    <ClCompile Include="Sound\tkSoundEngine.cpp">
      <Filter>Source Files\sound</Filter>
    </ClCompile>
    <ClCompile Include="tkEngine.cpp">
      <Filter>Source Files</Filter>
    </ClCompile>
    <ClCompile Include="tkEnginePreCompile.cpp">
      <Filter>Source Files</Filter>
    </ClCompile>
    <ClCompile Include="random\tkRandom.cpp">
      <Filter>Source Files\random</Filter>
    </ClCompile>
    <ClCompile Include="math\tkBox.cpp">
      <Filter>Source Files\math</Filter>
    </ClCompile>
    <ClCompile Include="math\tkVector.cpp">
      <Filter>Source Files\math</Filter>
    </ClCompile>
    <ClCompile Include="graphics\Dx12\tkGraphicsEngineDx12.cpp">
      <Filter>Source Files\graphics\Dx12</Filter>
    </ClCompile>
    <ClCompile Include="graphics\tkModel.cpp">
      <Filter>Source Files\graphics</Filter>
    </ClCompile>
    <ClCompile Include="graphics\tkIndexBuffer.cpp">
      <Filter>Source Files\graphics</Filter>
    </ClCompile>
    <ClCompile Include="graphics\tkVertexBuffer.cpp">
      <Filter>Source Files\graphics</Filter>
    </ClCompile>
    <ClCompile Include="graphics\Dx12\tkVertexBufferDx12.cpp">
      <Filter>Source Files\graphics\Dx12</Filter>
    </ClCompile>
    <ClCompile Include="graphics\Dx12\tkIndexBufferDx12.cpp">
      <Filter>Source Files\graphics\Dx12</Filter>
    </ClCompile>
    <ClCompile Include="graphics\Dx12\tkTriangleShapeDx12.cpp">
      <Filter>Source Files\graphics\Dx12</Filter>
    </ClCompile>
    <ClCompile Include="graphics\Dx12\tkShaderDx12.cpp">
      <Filter>Source Files\graphics\Dx12</Filter>
    </ClCompile>
    <ClCompile Include="graphics\tkPrimitive.cpp">
      <Filter>Source Files\graphics</Filter>
    </ClCompile>
    <ClCompile Include="graphics\tkGraphicsEngine.cpp">
      <Filter>Source Files\graphics</Filter>
    </ClCompile>
    <ClCompile Include="graphics\tkGraphicsInstanceFactory.cpp">
      <Filter>Source Files\graphics</Filter>
    </ClCompile>
    <ClCompile Include="graphics\Dx12\tkGraphicsInstanceFactoryDx12.cpp">
      <Filter>Source Files\graphics\Dx12</Filter>
    </ClCompile>
    <ClCompile Include="graphics\tkShape.cpp">
      <Filter>Source Files\graphics</Filter>
    </ClCompile>
    <ClCompile Include="graphics\Dx12\tkConstantBufferDx12.cpp">
      <Filter>Source Files\graphics\Dx12</Filter>
    </ClCompile>
    <ClCompile Include="graphics\Dx12\tkRootSignatureDx12.cpp">
      <Filter>Source Files\graphics\Dx12</Filter>
    </ClCompile>
    <ClCompile Include="graphics\Dx12\tkTextureDx12.cpp">
      <Filter>Source Files\graphics\Dx12</Filter>
    </ClCompile>
    <ClCompile Include="graphics\tkTkmFile.cpp">
      <Filter>Source Files\graphics</Filter>
    </ClCompile>
    <ClCompile Include="graphics\tkMeshParts.cpp">
      <Filter>Source Files\graphics</Filter>
    </ClCompile>
    <ClCompile Include="graphics\Dx12\tkMeshPartsDx12.cpp">
      <Filter>Source Files\graphics\Dx12</Filter>
    </ClCompile>
    <ClCompile Include="graphics\Dx12\tkMaterialDx12.cpp">
      <Filter>Source Files\graphics\Dx12</Filter>
    </ClCompile>
    <ClCompile Include="graphics\tkSkeleton.cpp">
      <Filter>Source Files\graphics</Filter>
    </ClCompile>
    <ClCompile Include="prefab\tkModelRender.cpp">
      <Filter>Source Files\prefab</Filter>
    </ClCompile>
    <ClCompile Include="graphics\tkTksFile.cpp">
      <Filter>Source Files\graphics</Filter>
    </ClCompile>
    <ClCompile Include="resource\tkIResource.cpp">
      <Filter>Source Files\resource</Filter>
    </ClCompile>
    <ClCompile Include="graphics\tkAnimationClip.cpp">
      <Filter>Source Files\graphics</Filter>
    </ClCompile>
    <ClCompile Include="graphics\tkTkaFile.cpp">
      <Filter>Source Files\graphics</Filter>
    </ClCompile>
    <ClCompile Include="graphics\tkAnimation.cpp">
      <Filter>Source Files\graphics</Filter>
    </ClCompile>
    <ClCompile Include="graphics\tkAnimationPlayController.cpp">
      <Filter>Source Files\graphics</Filter>
    </ClCompile>
    <ClCompile Include="graphics\Dx12\tkStructuredBufferDx12.cpp">
      <Filter>Source Files\graphics\Dx12</Filter>
    </ClCompile>
    <ClCompile Include="prefab\light\tkSpotLight.cpp">
      <Filter>Source Files\prefab\light</Filter>
    </ClCompile>
    <ClCompile Include="prefab\light\tkDirectionLight.cpp">
      <Filter>Source Files\prefab\light</Filter>
    </ClCompile>
    <ClCompile Include="prefab\light\tkLightBase.cpp">
      <Filter>Source Files\prefab\light</Filter>
    </ClCompile>
    <ClCompile Include="prefab\light\tkPointLight.cpp">
      <Filter>Source Files\prefab\light</Filter>
    </ClCompile>
    <ClCompile Include="graphics\tkLightManager.cpp">
      <Filter>Source Files\graphics</Filter>
    </ClCompile>
    <ClCompile Include="graphics\Dx12\tkLightManagerDx12.cpp">
      <Filter>Source Files\graphics\Dx12</Filter>
    </ClCompile>
    <ClCompile Include="graphics\Dx12\tkRenderTargetDx12.cpp">
      <Filter>Source Files\graphics\Dx12</Filter>
    </ClCompile>
    <ClCompile Include="graphics\Dx12\tkSpriteDx12.cpp">
      <Filter>Source Files\graphics\Dx12</Filter>
    </ClCompile>
    <ClCompile Include="graphics\tkSprite.cpp">
      <Filter>Source Files\graphics</Filter>
    </ClCompile>
    <ClCompile Include="graphics\Dx12\tkPipelineStatesDx12.cpp">
      <Filter>Source Files\graphics\Dx12</Filter>
    </ClCompile>
    <ClCompile Include="graphics\Dx12\postEffect\tkBloomDx12.cpp">
      <Filter>Source Files\graphics\Dx12\postEffect</Filter>
    </ClCompile>
    <ClCompile Include="graphics\Dx12\tkDescriptorHeapDx12.cpp">
      <Filter>Source Files\graphics\Dx12</Filter>
    </ClCompile>
    <ClCompile Include="graphics\Dx12\tkDescriptorHeapPoolDx12.cpp">
      <Filter>Source Files\graphics\Dx12</Filter>
    </ClCompile>
    <ClCompile Include="graphics\Dx12\postEffect\tkPostEffectDx12.cpp">
      <Filter>Source Files\graphics\Dx12\postEffect</Filter>
    </ClCompile>
    <ClCompile Include="graphics\Dx12\postEffect\tkTonemapDx12.cpp">
      <Filter>Source Files\graphics\Dx12\postEffect</Filter>
    </ClCompile>
    <ClCompile Include="graphics\Dx12\tkPipelineStateDx12.cpp">
      <Filter>Source Files\graphics\Dx12</Filter>
    </ClCompile>
    <ClCompile Include="graphics\tkDirectionalShadowMap.cpp">
      <Filter>Source Files\graphics</Filter>
    </ClCompile>
    <ClCompile Include="level\tkMapChip.cpp">
      <Filter>Source Files\level</Filter>
    </ClCompile>
    <ClCompile Include="level\tkMapChipRender.cpp">
      <Filter>Source Files\level</Filter>
    </ClCompile>
    <ClCompile Include="level\tkLevel.cpp">
      <Filter>Source Files\level</Filter>
    </ClCompile>
  </ItemGroup>
</Project>